lockfileVersion: '9.0'

settings:
  autoInstallPeers: true
  excludeLinksFromLockfile: false

importers:

  .:
    dependencies:
      marked:
        specifier: ^14.1.2
        version: 14.1.2

packages:

  marked@14.1.2:
    resolution: {integrity: sha512-f3r0yqpz31VXiDB/wj9GaOB0a2PRLQl6vJmXiFrniNwjkKdvakqJRULhjFKJpxOchlCRiG5fcacoUZY5Xa6PEQ==}
    engines: {node: '>= 18'}
    hasBin: true

snapshots:

  marked@14.1.2: {}
